
Microsoft Visual Studio Solution File, Format Version 12.00
# Visual Studio Version 17
VisualStudioVersion = 17.5.002.0
MinimumVisualStudioVersion = 10.0.40219.1
Project("{9A19103F-16F7-4668-BE54-9A1E7A4F7556}") = "CodeRebirth", "CodeRebirth/CodeRebirth.csproj", "{16D11CFF-034B-4CB5-A919-872F684C3788}"
EndProject
Project("{FAE04EC0-301F-11D3-BF4B-00C04F79EFBC}") = "ThunderstorePacking", "ThunderstorePacking\ThunderstorePacking.csproj", "{A977D7EA-C677-41AD-BE38-31AEE31A9AFA}"
EndProject
Project("{FAE04EC0-301F-11D3-BF4B-00C04F79EFBC}") = "CodeRebirthESKR", "CodeRebirthESKR\CodeRebirthESKR.csproj", "{E3C41012-BD8C-44BC-8F15-77199344D3C6}"
EndProject
Global
	GlobalSection(SolutionConfigurationPlatforms) = preSolution
		Debug|Any CPU = Debug|Any CPU
		Release|Any CPU = Release|Any CPU
	EndGlobalSection
	GlobalSection(ProjectConfigurationPlatforms) = postSolution
		{16D11CFF-034B-4CB5-A919-872F684C3788}.Debug|Any CPU.ActiveCfg = Debug|Any CPU
		{16D11CFF-034B-4CB5-A919-872F684C3788}.Debug|Any CPU.Build.0 = Debug|Any CPU
		{16D11CFF-034B-4CB5-A919-872F684C3788}.Release|Any CPU.ActiveCfg = Release|Any CPU
		{16D11CFF-034B-4CB5-A919-872F684C3788}.Release|Any CPU.Build.0 = Release|Any CPU
		{C10260C4-1ECC-4863-9AF9-7255455329ED}.Debug|Any CPU.ActiveCfg = Debug|Any CPU
		{C10260C4-1ECC-4863-9AF9-7255455329ED}.Debug|Any CPU.Build.0 = Debug|Any CPU
		{C10260C4-1ECC-4863-9AF9-7255455329ED}.Release|Any CPU.ActiveCfg = Release|Any CPU
		{C10260C4-1ECC-4863-9AF9-7255455329ED}.Release|Any CPU.Build.0 = Release|Any CPU
		{A977D7EA-C677-41AD-BE38-31AEE31A9AFA}.Debug|Any CPU.ActiveCfg = Debug|Any CPU
		{A977D7EA-C677-41AD-BE38-31AEE31A9AFA}.Debug|Any CPU.Build.0 = Debug|Any CPU
		{A977D7EA-C677-41AD-BE38-31AEE31A9AFA}.Release|Any CPU.ActiveCfg = Release|Any CPU
		{A977D7EA-C677-41AD-BE38-31AEE31A9AFA}.Release|Any CPU.Build.0 = Release|Any CPU
		{E3C41012-BD8C-44BC-8F15-77199344D3C6}.Debug|Any CPU.ActiveCfg = Debug|Any CPU
		{E3C41012-BD8C-44BC-8F15-77199344D3C6}.Debug|Any CPU.Build.0 = Debug|Any CPU
		{E3C41012-BD8C-44BC-8F15-77199344D3C6}.Release|Any CPU.ActiveCfg = Release|Any CPU
		{E3C41012-BD8C-44BC-8F15-77199344D3C6}.Release|Any CPU.Build.0 = Release|Any CPU
	EndGlobalSection
	GlobalSection(SolutionProperties) = preSolution
		HideSolutionNode = FALSE
	EndGlobalSection
	GlobalSection(ExtensibilityGlobals) = postSolution
		SolutionGuid = {356CFA86-30C7-45A2-92F6-49CD97B286A5}
	EndGlobalSection
EndGlobal
